
Microsoft Visual Studio Solution File, Format Version 12.00
# Visual Studio Version 16
VisualStudioVersion = 16.0.31321.278
MinimumVisualStudioVersion = 10.0.40219.1
Project("{9A19103F-16F7-4668-BE54-9A1E7A4F7556}") = "Supermarket.API", "Supermarket.API.csproj", "{A5E06E84-6623-4E38-A015-3048C668D891}"
EndProject
Global
	GlobalSection(SolutionConfigurationPlatforms) = preSolution
		Debug|Any CPU = Debug|Any CPU
		Release|Any CPU = Release|Any CPU
	EndGlobalSection
	GlobalSection(ProjectConfigurationPlatforms) = postSolution
		{A5E06E84-6623-4E38-A015-3048C668D891}.Debug|Any CPU.ActiveCfg = Debug|Any CPU
		{A5E06E84-6623-4E38-A015-3048C668D891}.Debug|Any CPU.Build.0 = Debug|Any CPU
		{A5E06E84-6623-4E38-A015-3048C668D891}.Release|Any CPU.ActiveCfg = Release|Any CPU
		{A5E06E84-6623-4E38-A015-3048C668D891}.Release|Any CPU.Build.0 = Release|Any CPU
	EndGlobalSection
	GlobalSection(SolutionProperties) = preSolution
		HideSolutionNode = FALSE
	EndGlobalSection
	GlobalSection(ExtensibilityGlobals) = postSolution
		SolutionGuid = {BF408770-B165-4D06-9228-2287B048C997}
	EndGlobalSection
EndGlobal
